// !$*UTF8*$!
{
	archiveVersion = 1;
	classes = {
	};
	objectVersion = 46;
	objects = {

/* Begin PBXBuildFile section */
		AC1064471C3B2B9F002DB46F /* AppDelegate.swift in Sources */ = {isa = PBXBuildFile; fileRef = AC1064461C3B2B9F002DB46F /* AppDelegate.swift */; };
		AC1064491C3B2B9F002DB46F /* ViewController.swift in Sources */ = {isa = PBXBuildFile; fileRef = AC1064481C3B2B9F002DB46F /* ViewController.swift */; };
		AC10644C1C3B2B9F002DB46F /* Main.storyboard in Resources */ = {isa = PBXBuildFile; fileRef = AC10644A1C3B2B9F002DB46F /* Main.storyboard */; };
		AC10644E1C3B2B9F002DB46F /* Assets.xcassets in Resources */ = {isa = PBXBuildFile; fileRef = AC10644D1C3B2B9F002DB46F /* Assets.xcassets */; };
		AC1064511C3B2B9F002DB46F /* LaunchScreen.storyboard in Resources */ = {isa = PBXBuildFile; fileRef = AC10644F1C3B2B9F002DB46F /* LaunchScreen.storyboard */; };
		AC1064591C3B2BC5002DB46F /* Datos.swift in Sources */ = {isa = PBXBuildFile; fileRef = AC1064581C3B2BC5002DB46F /* Datos.swift */; };
/* End PBXBuildFile section */

/* Begin PBXFileReference section */
		AC1064431C3B2B9F002DB46F /* Hamburguesas.app */ = {isa = PBXFileReference; explicitFileType = wrapper.application; includeInIndex = 0; path = Hamburguesas.app; sourceTree = BUILT_PRODUCTS_DIR; };
		AC1064461C3B2B9F002DB46F /* AppDelegate.swift */ = {isa = PBXFileReference; lastKnownFileType = sourcecode.swift; path = AppDelegate.swift; sourceTree = "<group>"; };
		AC1064481C3B2B9F002DB46F /* ViewController.swift */ = {isa = PBXFileReference; lastKnownFileType = sourcecode.swift; path = ViewController.swift; sourceTree = "<group>"; };
		AC10644B1C3B2B9F002DB46F /* Base */ = {isa = PBXFileReference; lastKnownFileType = file.storyboard; name = Base; path = Base.lproj/Main.storyboard; sourceTree = "<group>"; };
		AC10644D1C3B2B9F002DB46F /* Assets.xcassets */ = {isa = PBXFileReference; lastKnownFileType = folder.assetcatalog; path = Assets.xcassets; sourceTree = "<group>"; };
		AC1064501C3B2B9F002DB46F /* Base */ = {isa = PBXFileReference; lastKnownFileType = file.storyboard; name = Base; path = Base.lproj/LaunchScreen.storyboard; sourceTree = "<group>"; };
		AC1064521C3B2B9F002DB46F /* Info.plist */ = {isa = PBXFileReference; lastKnownFileType = text.plist.xml; path = Info.plist; sourceTree = "<group>"; };
		AC1064581C3B2BC5002DB46F /* Datos.swift */ = {isa = PBXFileReference; fileEncoding = 4; lastKnownFileType = sourcecode.swift; path = Datos.swift; sourceTree = "<group>"; };
/* End PBXFileReference section */

/* Begin PBXFrameworksBuildPhase section */
		AC1064401C3B2B9F002DB46F /* Frameworks */ = {
			isa = PBXFrameworksBuildPhase;
			buildActionMask = 2147483647;
			files = (
			);
			runOnlyForDeploymentPostprocessing = 0;
		};
/* End PBXFrameworksBuildPhase section */

/* Begin PBXGroup section */
		AC10643A1C3B2B9F002DB46F = {
			isa = PBXGroup;
			children = (
				AC1064451C3B2B9F002DB46F /* Hamburguesas */,
				AC1064441C3B2B9F002DB46F /* Products */,
			);
			sourceTree = "<group>";
		};
		AC1064441C3B2B9F002DB46F /* Products */ = {
			isa = PBXGroup;
			children = (
				AC1064431C3B2B9F002DB46F /* Hamburguesas.app */,
			);
			name = Products;
			sourceTree = "<group>";
		};
		AC1064451C3B2B9F002DB46F /* Hamburguesas */ = {
			isa = PBXGroup;
			children = (
				AC1064461C3B2B9F002DB46F /* AppDelegate.swift */,
				AC1064481C3B2B9F002DB46F /* ViewController.swift */,
				AC10644A1C3B2B9F002DB46F /* Main.storyboard */,
				AC10644D1C3B2B9F002DB46F /* Assets.xcassets */,
				AC10644F1C3B2B9F002DB46F /* LaunchScreen.storyboard */,
				AC1064521C3B2B9F002DB46F /* Info.plist */,
				AC1064581C3B2BC5002DB46F /* Datos.swift */,
			);
			path = Hamburguesas;
			sourceTree = "<group>";
		};
/* End PBXGroup section */

/* Begin PBXNativeTarget section */
		AC1064421C3B2B9F002DB46F /* Hamburguesas */ = {
			isa = PBXNativeTarget;
			buildConfigurationList = AC1064551C3B2B9F002DB46F /* Build configuration list for PBXNativeTarget "Hamburguesas" */;
			buildPhases = (
				AC10643F1C3B2B9F002DB46F /* Sources */,
				AC1064401C3B2B9F002DB46F /* Frameworks */,
				AC1064411C3B2B9F002DB46F /* Resources */,
			);
			buildRules = (
			);
			dependencies = (
			);
			name = Hamburguesas;
			productName = Hamburguesas;
			productReference = AC1064431C3B2B9F002DB46F /* Hamburguesas.app */;
			productType = "com.apple.product-type.application";
		};
/* End PBXNativeTarget section */

/* Begin PBXProject section */
		AC10643B1C3B2B9F002DB46F /* Project object */ = {
			isa = PBXProject;
			attributes = {
				LastSwiftUpdateCheck = 0720;
				LastUpgradeCheck = 0720;
				ORGANIZATIONNAME = QCodeMX;
				TargetAttributes = {
					AC1064421C3B2B9F002DB46F = {
						CreatedOnToolsVersion = 7.2;
						DevelopmentTeam = DRUS7K6WJJ;
					};
				};
			};
			buildConfigurationList = AC10643E1C3B2B9F002DB46F /* Build configuration list for PBXProject "Hamburguesas" */;
			compatibilityVersion = "Xcode 3.2";
			developmentRegion = English;
			hasScannedForEncodings = 0;
			knownRegions = (
				en,
				Base,
			);
			mainGroup = AC10643A1C3B2B9F002DB46F;
			productRefGroup = AC1064441C3B2B9F002DB46F /* Products */;
			projectDirPath = "";
			projectRoot = "";
			targets = (
				AC1064421C3B2B9F002DB46F /* Hamburguesas */,
			);
		};
/* End PBXProject section */

/* Begin PBXResourcesBuildPhase section */
		AC1064411C3B2B9F002DB46F /* Resources */ = {
			isa = PBXResourcesBuildPhase;
			buildActionMask = 2147483647;
			files = (
				AC1064511C3B2B9F002DB46F /* LaunchScreen.storyboard in Resources */,
				AC10644E1C3B2B9F002DB46F /* Assets.xcassets in Resources */,
				AC10644C1C3B2B9F002DB46F /* Main.storyboard in Resources */,
			);
			runOnlyForDeploymentPostprocessing = 0;
		};
/* End PBXResourcesBuildPhase section */

/* Begin PBXSourcesBuildPhase section */
		AC10643F1C3B2B9F002DB46F /* Sources */ = {
			isa = PBXSourcesBuildPhase;
			buildActionMask = 2147483647;
			files = (
				AC1064491C3B2B9F002DB46F /* ViewController.swift in Sources */,
				AC1064471C3B2B9F002DB46F /* AppDelegate.swift in Sources */,
				AC1064591C3B2BC5002DB46F /* Datos.swift in Sources */,
			);
			runOnlyForDeploymentPostprocessing = 0;
		};
/* End PBXSourcesBuildPhase section */

/* Begin PBXVariantGroup section */
		AC10644A1C3B2B9F002DB46F /* Main.storyboard */ = {
			isa = PBXVariantGroup;
			children = (
				AC10644B1C3B2B9F002DB46F /* Base */,
			);
			name = Main.storyboard;
			sourceTree = "<group>";
		};
		AC10644F1C3B2B9F002DB46F /* LaunchScreen.storyboard */ = {
			isa = PBXVariantGroup;
			children = (
				AC1064501C3B2B9F002DB46F /* Base */,
			);
			name = LaunchScreen.storyboard;
			sourceTree = "<group>";
		};
/* End PBXVariantGroup section */

/* Begin XCBuildConfiguration section */
		AC1064531C3B2B9F002DB46F /* Debug */ = {
			isa = XCBuildConfiguration;
			buildSettings = {
				ALWAYS_SEARCH_USER_PATHS = NO;
				CLANG_CXX_LANGUAGE_STANDARD = "gnu++0x";
				CLANG_CXX_LIBRARY = "libc++";
				CLANG_ENABLE_MODULES = YES;
				CLANG_ENABLE_OBJC_ARC = YES;
				CLANG_WARN_BOOL_CONVERSION = YES;
				CLANG_WARN_CONSTANT_CONVERSION = YES;
				CLANG_WARN_DIRECT_OBJC_ISA_USAGE = YES_ERROR;
				CLANG_WARN_EMPTY_BODY = YES;
				CLANG_WARN_ENUM_CONVERSION = YES;
				CLANG_WARN_INT_CONVERSION = YES;
				CLANG_WARN_OBJC_ROOT_CLASS = YES_ERROR;
				CLANG_WARN_UNREACHABLE_CODE = YES;
				CLANG_WARN__DUPLICATE_METHOD_MATCH = YES;
				"CODE_SIGN_IDENTITY[sdk=iphoneos*]" = "iPhone Developer";
				COPY_PHASE_STRIP = NO;
				DEBUG_INFORMATION_FORMAT = dwarf;
				ENABLE_STRICT_OBJC_MSGSEND = YES;
				ENABLE_TESTABILITY = YES;
				GCC_C_LANGUAGE_STANDARD = gnu99;
				GCC_DYNAMIC_NO_PIC = NO;
				GCC_NO_COMMON_BLOCKS = YES;
				GCC_OPTIMIZATION_LEVEL = 0;
				GCC_PREPROCESSOR_DEFINITIONS = (
					"DEBUG=1",
					"$(inherited)",
				);
				GCC_WARN_64_TO_32_BIT_CONVERSION = YES;
				GCC_WARN_ABOUT_RETURN_TYPE = YES_ERROR;
				GCC_WARN_UNDECLARED_SELECTOR = YES;
				GCC_WARN_UNINITIALIZED_AUTOS = YES_AGGRESSIVE;
				GCC_WARN_UNUSED_FUNCTION = YES;
				GCC_WARN_UNUSED_VARIABLE = YES;
				IPHONEOS_DEPLOYMENT_TARGET = 9.2;
				MTL_ENABLE_DEBUG_INFO = YES;
				ONLY_ACTIVE_ARCH = YES;
				SDKROOT = iphoneos;
				SWIFT_OPTIMIZATION_LEVEL = "-Onone";
			};
			name = Debug;
		};
		AC1064541C3B2B9F002DB46F /* Release */ = {
			isa = XCBuildConfiguration;
			buildSettings = {
				ALWAYS_SEARCH_USER_PATHS = NO;
				CLANG_CXX_LANGUAGE_STANDARD = "gnu++0x";
				CLANG_CXX_LIBRARY = "libc++";
				CLANG_ENABLE_MODULES = YES;
				CLANG_ENABLE_OBJC_ARC = YES;
				CLANG_WARN_BOOL_CONVERSION = YES;
				CLANG_WARN_CONSTANT_CONVERSION = YES;
				CLANG_WARN_DIRECT_OBJC_ISA_USAGE = YES_ERROR;
				CLANG_WARN_EMPTY_BODY = YES;
				CLANG_WARN_ENUM_CONVERSION = YES;
				CLANG_WARN_INT_CONVERSION = YES;
				CLANG_WARN_OBJC_ROOT_CLASS = YES_ERROR;
				CLANG_WARN_UNREACHABLE_CODE = YES;
				CLANG_WARN__DUPLICATE_METHOD_MATCH = YES;
				"CODE_SIGN_IDENTITY[sdk=iphoneos*]" = "iPhone Developer";
				COPY_PHASE_STRIP = NO;
				DEBUG_INFORMATION_FORMAT = "dwarf-with-dsym";
				ENABLE_NS_ASSERTIONS = NO;
				ENABLE_STRICT_OBJC_MSGSEND = YES;
				GCC_C_LANGUAGE_STANDARD = gnu99;
				GCC_NO_COMMON_BLOCKS = YES;
				GCC_WARN_64_TO_32_BIT_CONVERSION = YES;
				GCC_WARN_ABOUT_RETURN_TYPE = YES_ERROR;
				GCC_WARN_UNDECLARED_SELECTOR = YES;
				GCC_WARN_UNINITIALIZED_AUTOS = YES_AGGRESSIVE;
				GCC_WARN_UNUSED_FUNCTION = YES;
				GCC_WARN_UNUSED_VARIABLE = YES;
				IPHONEOS_DEPLOYMENT_TARGET = 9.2;
				MTL_ENABLE_DEBUG_INFO = NO;
				SDKROOT = iphoneos;
				VALIDATE_PRODUCT = YES;
			};
			name = Release;
		};
		AC1064561C3B2B9F002DB46F /* Debug */ = {
			isa = XCBuildConfiguration;
			buildSettings = {
				ASSETCATALOG_COMPILER_APPICON_NAME = AppIcon;
				INFOPLIST_FILE = Hamburguesas/Info.plist;
				LD_RUNPATH_SEARCH_PATHS = "$(inherited) @executable_path/Frameworks";
				PRODUCT_BUNDLE_IDENTIFIER = mx.qcode.Hamburguesas;
				PRODUCT_NAME = "$(TARGET_NAME)";
			};
			name = Debug;
		};
		AC1064571C3B2B9F002DB46F /* Release */ = {
			isa = XCBuildConfiguration;
			buildSettings = {
				ASSETCATALOG_COMPILER_APPICON_NAME = AppIcon;
				INFOPLIST_FILE = Hamburguesas/Info.plist;
				LD_RUNPATH_SEARCH_PATHS = "$(inherited) @executable_path/Frameworks";
				PRODUCT_BUNDLE_IDENTIFIER = mx.qcode.Hamburguesas;
				PRODUCT_NAME = "$(TARGET_NAME)";
			};
			name = Release;
		};
/* End XCBuildConfiguration section */

/* Begin XCConfigurationList section */
		AC10643E1C3B2B9F002DB46F /* Build configuration list for PBXProject "Hamburguesas" */ = {
			isa = XCConfigurationList;
			buildConfigurations = (
				AC1064531C3B2B9F002DB46F /* Debug */,
				AC1064541C3B2B9F002DB46F /* Release */,
			);
			defaultConfigurationIsVisible = 0;
			defaultConfigurationName = Release;
		};
		AC1064551C3B2B9F002DB46F /* Build configuration list for PBXNativeTarget "Hamburguesas" */ = {
			isa = XCConfigurationList;
			buildConfigurations = (
				AC1064561C3B2B9F002DB46F /* Debug */,
				AC1064571C3B2B9F002DB46F /* Release */,
			);
			defaultConfigurationIsVisible = 0;
		};
/* End XCConfigurationList section */
	};
	rootObject = AC10643B1C3B2B9F002DB46F /* Project object */;
}
